{
    __meta__ = {
        version = "1.0"
    },
    ["windows|x64"] = {
        ["cmake#31fecfc4"] = {
            repo = {
                branch = "master",
                commit = "30bf09689d5f65e9ea4e3904ceb675f8f04f0789",
                url = "https://github.com/xmake-io/xmake-repo.git"
            },
            version = "3.31.1"
        },
        ["commonlib-shared 7c29a1e16b4ee5d5ee06f706590b28099b7a5a59#5ed5ab82"] = {
            repo = {
                commit = "47eca6ffcb79208b9f757df369b2ddad322aac16",
                url = "https://github.com/libxse/libxse-xrepo"
            },
            version = "7c29a1e16b4ee5d5ee06f706590b28099b7a5a59"
        },
        ["nlohmann_json#31fecfc4"] = {
            repo = {
                branch = "master",
                commit = "a46d11e468ec2c04e387d09bb3dde26c4824f29c",
                url = "https://gitlab.com/tboox/xmake-repo.git"
            },
            version = "v3.12.0"
        },
        ["spdlog#9c36f0a9"] = {
            repo = {
                branch = "master",
                commit = "d885463d7cea3253b436ded2f4f17fd8423c4eaa",
                url = "https://github.com/xmake-io/xmake-repo.git"
            },
            version = "v1.15.3"
        },
        ["toml11#31fecfc4"] = {
            repo = {
                branch = "master",
                commit = "d557ccb28de6284dff4e7a174e1681f5b386c2d5",
                url = "https://gitlab.com/tboox/xmake-repo.git"
            },
            version = "v4.4.0"
        }
    }
}